
Microsoft Visual Studio Solution File, Format Version 12.00
# Visual Studio Version 17
VisualStudioVersion = 17.0.31903.59
MinimumVisualStudioVersion = 10.0.40219.1
Project("{FAE04EC0-301F-11D3-BF4B-00C04F79EFBC}") = "DevLog.Domain", "DevLog.Domain\DevLog.Domain.csproj", "{D0492FBC-5A00-4714-85AC-C65C1520A524}"
EndProject
Project("{FAE04EC0-301F-11D3-BF4B-00C04F79EFBC}") = "DevLog.Application", "DevLog.Application\DevLog.Application.csproj", "{E5FFBE8D-43D3-4D83-95A5-396465DD5843}"
EndProject
Project("{FAE04EC0-301F-11D3-BF4B-00C04F79EFBC}") = "DevLog.Infrastructure", "DevLog.Infrastructure\DevLog.Infrastructure.csproj", "{CB203F81-ADF7-4B12-A7EA-AA6354B41739}"
EndProject
Project("{FAE04EC0-301F-11D3-BF4B-00C04F79EFBC}") = "DevLog.Api", "DevLog.Api\DevLog.Api.csproj", "{8810B07C-BA10-4DBD-8F46-E3886CD76E86}"
EndProject
Global
	GlobalSection(SolutionConfigurationPlatforms) = preSolution
		Debug|Any CPU = Debug|Any CPU
		Debug|x64 = Debug|x64
		Debug|x86 = Debug|x86
		Release|Any CPU = Release|Any CPU
		Release|x64 = Release|x64
		Release|x86 = Release|x86
	EndGlobalSection
	GlobalSection(ProjectConfigurationPlatforms) = postSolution
		{D0492FBC-5A00-4714-85AC-C65C1520A524}.Debug|Any CPU.ActiveCfg = Debug|Any CPU
		{D0492FBC-5A00-4714-85AC-C65C1520A524}.Debug|Any CPU.Build.0 = Debug|Any CPU
		{D0492FBC-5A00-4714-85AC-C65C1520A524}.Debug|x64.ActiveCfg = Debug|Any CPU
		{D0492FBC-5A00-4714-85AC-C65C1520A524}.Debug|x64.Build.0 = Debug|Any CPU
		{D0492FBC-5A00-4714-85AC-C65C1520A524}.Debug|x86.ActiveCfg = Debug|Any CPU
		{D0492FBC-5A00-4714-85AC-C65C1520A524}.Debug|x86.Build.0 = Debug|Any CPU
		{D0492FBC-5A00-4714-85AC-C65C1520A524}.Release|Any CPU.ActiveCfg = Release|Any CPU
		{D0492FBC-5A00-4714-85AC-C65C1520A524}.Release|Any CPU.Build.0 = Release|Any CPU
		{D0492FBC-5A00-4714-85AC-C65C1520A524}.Release|x64.ActiveCfg = Release|Any CPU
		{D0492FBC-5A00-4714-85AC-C65C1520A524}.Release|x64.Build.0 = Release|Any CPU
		{D0492FBC-5A00-4714-85AC-C65C1520A524}.Release|x86.ActiveCfg = Release|Any CPU
		{D0492FBC-5A00-4714-85AC-C65C1520A524}.Release|x86.Build.0 = Release|Any CPU
		{E5FFBE8D-43D3-4D83-95A5-396465DD5843}.Debug|Any CPU.ActiveCfg = Debug|Any CPU
		{E5FFBE8D-43D3-4D83-95A5-396465DD5843}.Debug|Any CPU.Build.0 = Debug|Any CPU
		{E5FFBE8D-43D3-4D83-95A5-396465DD5843}.Debug|x64.ActiveCfg = Debug|Any CPU
		{E5FFBE8D-43D3-4D83-95A5-396465DD5843}.Debug|x64.Build.0 = Debug|Any CPU
		{E5FFBE8D-43D3-4D83-95A5-396465DD5843}.Debug|x86.ActiveCfg = Debug|Any CPU
		{E5FFBE8D-43D3-4D83-95A5-396465DD5843}.Debug|x86.Build.0 = Debug|Any CPU
		{E5FFBE8D-43D3-4D83-95A5-396465DD5843}.Release|Any CPU.ActiveCfg = Release|Any CPU
		{E5FFBE8D-43D3-4D83-95A5-396465DD5843}.Release|Any CPU.Build.0 = Release|Any CPU
		{E5FFBE8D-43D3-4D83-95A5-396465DD5843}.Release|x64.ActiveCfg = Release|Any CPU
		{E5FFBE8D-43D3-4D83-95A5-396465DD5843}.Release|x64.Build.0 = Release|Any CPU
		{E5FFBE8D-43D3-4D83-95A5-396465DD5843}.Release|x86.ActiveCfg = Release|Any CPU
		{E5FFBE8D-43D3-4D83-95A5-396465DD5843}.Release|x86.Build.0 = Release|Any CPU
		{CB203F81-ADF7-4B12-A7EA-AA6354B41739}.Debug|Any CPU.ActiveCfg = Debug|Any CPU
		{CB203F81-ADF7-4B12-A7EA-AA6354B41739}.Debug|Any CPU.Build.0 = Debug|Any CPU
		{CB203F81-ADF7-4B12-A7EA-AA6354B41739}.Debug|x64.ActiveCfg = Debug|Any CPU
		{CB203F81-ADF7-4B12-A7EA-AA6354B41739}.Debug|x64.Build.0 = Debug|Any CPU
		{CB203F81-ADF7-4B12-A7EA-AA6354B41739}.Debug|x86.ActiveCfg = Debug|Any CPU
		{CB203F81-ADF7-4B12-A7EA-AA6354B41739}.Debug|x86.Build.0 = Debug|Any CPU
		{CB203F81-ADF7-4B12-A7EA-AA6354B41739}.Release|Any CPU.ActiveCfg = Release|Any CPU
		{CB203F81-ADF7-4B12-A7EA-AA6354B41739}.Release|Any CPU.Build.0 = Release|Any CPU
		{CB203F81-ADF7-4B12-A7EA-AA6354B41739}.Release|x64.ActiveCfg = Release|Any CPU
		{CB203F81-ADF7-4B12-A7EA-AA6354B41739}.Release|x64.Build.0 = Release|Any CPU
		{CB203F81-ADF7-4B12-A7EA-AA6354B41739}.Release|x86.ActiveCfg = Release|Any CPU
		{CB203F81-ADF7-4B12-A7EA-AA6354B41739}.Release|x86.Build.0 = Release|Any CPU
		{8810B07C-BA10-4DBD-8F46-E3886CD76E86}.Debug|Any CPU.ActiveCfg = Debug|Any CPU
		{8810B07C-BA10-4DBD-8F46-E3886CD76E86}.Debug|Any CPU.Build.0 = Debug|Any CPU
		{8810B07C-BA10-4DBD-8F46-E3886CD76E86}.Debug|x64.ActiveCfg = Debug|Any CPU
		{8810B07C-BA10-4DBD-8F46-E3886CD76E86}.Debug|x64.Build.0 = Debug|Any CPU
		{8810B07C-BA10-4DBD-8F46-E3886CD76E86}.Debug|x86.ActiveCfg = Debug|Any CPU
		{8810B07C-BA10-4DBD-8F46-E3886CD76E86}.Debug|x86.Build.0 = Debug|Any CPU
		{8810B07C-BA10-4DBD-8F46-E3886CD76E86}.Release|Any CPU.ActiveCfg = Release|Any CPU
		{8810B07C-BA10-4DBD-8F46-E3886CD76E86}.Release|Any CPU.Build.0 = Release|Any CPU
		{8810B07C-BA10-4DBD-8F46-E3886CD76E86}.Release|x64.ActiveCfg = Release|Any CPU
		{8810B07C-BA10-4DBD-8F46-E3886CD76E86}.Release|x64.Build.0 = Release|Any CPU
		{8810B07C-BA10-4DBD-8F46-E3886CD76E86}.Release|x86.ActiveCfg = Release|Any CPU
		{8810B07C-BA10-4DBD-8F46-E3886CD76E86}.Release|x86.Build.0 = Release|Any CPU
	EndGlobalSection
	GlobalSection(SolutionProperties) = preSolution
		HideSolutionNode = FALSE
	EndGlobalSection
EndGlobal
